
Microsoft Visual Studio Solution File, Format Version 12.00
# Visual Studio Version 16
VisualStudioVersion = 16.0.29215.179
MinimumVisualStudioVersion = 10.0.40219.1
Project("{FAE04EC0-301F-11D3-BF4B-00C04F79EFBC}") = "details of customer", "details of customer\details of customer.csproj", "{F1CEA8C5-2EAC-4F2F-B424-954EC68CED3A}"
EndProject
Global
	GlobalSection(SolutionConfigurationPlatforms) = preSolution
		Debug|Any CPU = Debug|Any CPU
		Release|Any CPU = Release|Any CPU
	EndGlobalSection
	GlobalSection(ProjectConfigurationPlatforms) = postSolution
		{F1CEA8C5-2EAC-4F2F-B424-954EC68CED3A}.Debug|Any CPU.ActiveCfg = Debug|Any CPU
		{F1CEA8C5-2EAC-4F2F-B424-954EC68CED3A}.Debug|Any CPU.Build.0 = Debug|Any CPU
		{F1CEA8C5-2EAC-4F2F-B424-954EC68CED3A}.Release|Any CPU.ActiveCfg = Release|Any CPU
		{F1CEA8C5-2EAC-4F2F-B424-954EC68CED3A}.Release|Any CPU.Build.0 = Release|Any CPU
	EndGlobalSection
	GlobalSection(SolutionProperties) = preSolution
		HideSolutionNode = FALSE
	EndGlobalSection
	GlobalSection(ExtensibilityGlobals) = postSolution
		SolutionGuid = {155A7B4B-840C-44C9-A5F9-BAC3841A9274}
	EndGlobalSection
EndGlobal
